
Microsoft Visual Studio Solution File, Format Version 12.00
# Visual Studio Version 17
VisualStudioVersion = 17.5.33516.290
MinimumVisualStudioVersion = 10.0.40219.1
Project("{8BC9CEB8-8B4A-11D0-8D11-00A0C91BC942}") = "wCenterWindow", "wCenterWindow\wCenterWindow.vcxproj", "{F1A1603A-F5D0-47B8-8E4B-CF17747BCFBA}"
EndProject
Project("{2150E333-8FDC-42A3-9474-1A3956D46DE8}") = "Solution Items", "Solution Items", "{C7B4FD1E-DC1B-46A4-842C-5130F09EFCB5}"
	ProjectSection(SolutionItems) = preProject
		Update_Version.ps1 = Update_Version.ps1
	EndProjectSection
EndProject
Global
	GlobalSection(SolutionConfigurationPlatforms) = preSolution
		Debug|x64 = Debug|x64
		Debug|x86 = Debug|x86
		Release|x64 = Release|x64
		Release|x86 = Release|x86
	EndGlobalSection
	GlobalSection(ProjectConfigurationPlatforms) = postSolution
		{F1A1603A-F5D0-47B8-8E4B-CF17747BCFBA}.Debug|x64.ActiveCfg = Debug|x64
		{F1A1603A-F5D0-47B8-8E4B-CF17747BCFBA}.Debug|x64.Build.0 = Debug|x64
		{F1A1603A-F5D0-47B8-8E4B-CF17747BCFBA}.Debug|x86.ActiveCfg = Debug|Win32
		{F1A1603A-F5D0-47B8-8E4B-CF17747BCFBA}.Debug|x86.Build.0 = Debug|Win32
		{F1A1603A-F5D0-47B8-8E4B-CF17747BCFBA}.Release|x64.ActiveCfg = Release|x64
		{F1A1603A-F5D0-47B8-8E4B-CF17747BCFBA}.Release|x64.Build.0 = Release|x64
		{F1A1603A-F5D0-47B8-8E4B-CF17747BCFBA}.Release|x86.ActiveCfg = Release|Win32
		{F1A1603A-F5D0-47B8-8E4B-CF17747BCFBA}.Release|x86.Build.0 = Release|Win32
	EndGlobalSection
	GlobalSection(SolutionProperties) = preSolution
		HideSolutionNode = FALSE
	EndGlobalSection
	GlobalSection(ExtensibilityGlobals) = postSolution
		SolutionGuid = {83F3F9B6-B00E-4705-9C92-19308AAC038B}
	EndGlobalSection
EndGlobal
